
Microsoft Visual Studio Solution File, Format Version 12.00
# Visual Studio Version 17
VisualStudioVersion = 17.2.32616.157
MinimumVisualStudioVersion = 10.0.40219.1
Project("{FAE04EC0-301F-11D3-BF4B-00C04F79EFBC}") = "OOP Assi-3", "OOP Assi-3\OOP Assi-3.csproj", "{0213B977-BE14-4F98-B13C-6038A8C2F140}"
EndProject
Global
	GlobalSection(SolutionConfigurationPlatforms) = preSolution
		Debug|Any CPU = Debug|Any CPU
		Release|Any CPU = Release|Any CPU
	EndGlobalSection
	GlobalSection(ProjectConfigurationPlatforms) = postSolution
		{0213B977-BE14-4F98-B13C-6038A8C2F140}.Debug|Any CPU.ActiveCfg = Debug|Any CPU
		{0213B977-BE14-4F98-B13C-6038A8C2F140}.Debug|Any CPU.Build.0 = Debug|Any CPU
		{0213B977-BE14-4F98-B13C-6038A8C2F140}.Release|Any CPU.ActiveCfg = Release|Any CPU
		{0213B977-BE14-4F98-B13C-6038A8C2F140}.Release|Any CPU.Build.0 = Release|Any CPU
	EndGlobalSection
	GlobalSection(SolutionProperties) = preSolution
		HideSolutionNode = FALSE
	EndGlobalSection
	GlobalSection(ExtensibilityGlobals) = postSolution
		SolutionGuid = {F45F1F6A-1DC0-4A6A-9D1B-F4378EBE3E3F}
	EndGlobalSection
EndGlobal
